
Microsoft Visual Studio Solution File, Format Version 12.00
# Visual Studio Version 16
VisualStudioVersion = 16.0.30011.22
MinimumVisualStudioVersion = 10.0.40219.1
Project("{FAE04EC0-301F-11D3-BF4B-00C04F79EFBC}") = "Blackjack", "Blackjack\Blackjack.csproj", "{3E63F642-8981-45C9-8438-0D3C60297908}"
EndProject
Global
	GlobalSection(SolutionConfigurationPlatforms) = preSolution
		Debug|Any CPU = Debug|Any CPU
		Release|Any CPU = Release|Any CPU
	EndGlobalSection
	GlobalSection(ProjectConfigurationPlatforms) = postSolution
		{3E63F642-8981-45C9-8438-0D3C60297908}.Debug|Any CPU.ActiveCfg = Debug|Any CPU
		{3E63F642-8981-45C9-8438-0D3C60297908}.Debug|Any CPU.Build.0 = Debug|Any CPU
		{3E63F642-8981-45C9-8438-0D3C60297908}.Release|Any CPU.ActiveCfg = Release|Any CPU
		{3E63F642-8981-45C9-8438-0D3C60297908}.Release|Any CPU.Build.0 = Release|Any CPU
	EndGlobalSection
	GlobalSection(SolutionProperties) = preSolution
		HideSolutionNode = FALSE
	EndGlobalSection
	GlobalSection(ExtensibilityGlobals) = postSolution
		SolutionGuid = {5E9804B9-607A-4740-8D01-562805DFF26B}
	EndGlobalSection
EndGlobal
