
Microsoft Visual Studio Solution File, Format Version 12.00
# Visual Studio Version 16
VisualStudioVersion = 16.0.30011.22
MinimumVisualStudioVersion = 10.0.40219.1
Project("{FAE04EC0-301F-11D3-BF4B-00C04F79EFBC}") = "Math and comparison operator Assignment", "Math and comparison operator Assignment\Math and comparison operator Assignment.csproj", "{42846E66-1D6D-49D3-B233-6E05216DF632}"
EndProject
Global
	GlobalSection(SolutionConfigurationPlatforms) = preSolution
		Debug|Any CPU = Debug|Any CPU
		Release|Any CPU = Release|Any CPU
	EndGlobalSection
	GlobalSection(ProjectConfigurationPlatforms) = postSolution
		{42846E66-1D6D-49D3-B233-6E05216DF632}.Debug|Any CPU.ActiveCfg = Debug|Any CPU
		{42846E66-1D6D-49D3-B233-6E05216DF632}.Debug|Any CPU.Build.0 = Debug|Any CPU
		{42846E66-1D6D-49D3-B233-6E05216DF632}.Release|Any CPU.ActiveCfg = Release|Any CPU
		{42846E66-1D6D-49D3-B233-6E05216DF632}.Release|Any CPU.Build.0 = Release|Any CPU
	EndGlobalSection
	GlobalSection(SolutionProperties) = preSolution
		HideSolutionNode = FALSE
	EndGlobalSection
	GlobalSection(ExtensibilityGlobals) = postSolution
		SolutionGuid = {249DA3BE-34F2-476A-8152-965891A66BA8}
	EndGlobalSection
EndGlobal
