
Microsoft Visual Studio Solution File, Format Version 12.00
# Visual Studio Version 16
VisualStudioVersion = 16.0.30011.22
MinimumVisualStudioVersion = 10.0.40219.1
Project("{FAE04EC0-301F-11D3-BF4B-00C04F79EFBC}") = "Parsing enums", "Parsing enums\Parsing enums.csproj", "{0DBE18F2-240E-4046-99B9-D39CFBF770D9}"
EndProject
Global
	GlobalSection(SolutionConfigurationPlatforms) = preSolution
		Debug|Any CPU = Debug|Any CPU
		Release|Any CPU = Release|Any CPU
	EndGlobalSection
	GlobalSection(ProjectConfigurationPlatforms) = postSolution
		{0DBE18F2-240E-4046-99B9-D39CFBF770D9}.Debug|Any CPU.ActiveCfg = Debug|Any CPU
		{0DBE18F2-240E-4046-99B9-D39CFBF770D9}.Debug|Any CPU.Build.0 = Debug|Any CPU
		{0DBE18F2-240E-4046-99B9-D39CFBF770D9}.Release|Any CPU.ActiveCfg = Release|Any CPU
		{0DBE18F2-240E-4046-99B9-D39CFBF770D9}.Release|Any CPU.Build.0 = Release|Any CPU
	EndGlobalSection
	GlobalSection(SolutionProperties) = preSolution
		HideSolutionNode = FALSE
	EndGlobalSection
	GlobalSection(ExtensibilityGlobals) = postSolution
		SolutionGuid = {B46868E5-25EE-41BD-836F-D8AB619D9F6B}
	EndGlobalSection
EndGlobal
