
Microsoft Visual Studio Solution File, Format Version 12.00
# Visual Studio Version 16
VisualStudioVersion = 16.0.30011.22
MinimumVisualStudioVersion = 10.0.40219.1
Project("{FAE04EC0-301F-11D3-BF4B-00C04F79EFBC}") = "Method Class", "Method Class\Method Class.csproj", "{AF13C020-FCFD-4ED1-A837-A9B552DC3C54}"
EndProject
Global
	GlobalSection(SolutionConfigurationPlatforms) = preSolution
		Debug|Any CPU = Debug|Any CPU
		Release|Any CPU = Release|Any CPU
	EndGlobalSection
	GlobalSection(ProjectConfigurationPlatforms) = postSolution
		{AF13C020-FCFD-4ED1-A837-A9B552DC3C54}.Debug|Any CPU.ActiveCfg = Debug|Any CPU
		{AF13C020-FCFD-4ED1-A837-A9B552DC3C54}.Debug|Any CPU.Build.0 = Debug|Any CPU
		{AF13C020-FCFD-4ED1-A837-A9B552DC3C54}.Release|Any CPU.ActiveCfg = Release|Any CPU
		{AF13C020-FCFD-4ED1-A837-A9B552DC3C54}.Release|Any CPU.Build.0 = Release|Any CPU
	EndGlobalSection
	GlobalSection(SolutionProperties) = preSolution
		HideSolutionNode = FALSE
	EndGlobalSection
	GlobalSection(ExtensibilityGlobals) = postSolution
		SolutionGuid = {7ED93C47-9BB0-4554-8FE6-73B87A244E41}
	EndGlobalSection
EndGlobal
