
Microsoft Visual Studio Solution File, Format Version 12.00
# Visual Studio Version 16
VisualStudioVersion = 16.0.30011.22
MinimumVisualStudioVersion = 10.0.40219.1
Project("{FAE04EC0-301F-11D3-BF4B-00C04F79EFBC}") = "BooleanLogic", "BooleanLogic\BooleanLogic.csproj", "{ACF44236-0D44-4CAD-AAC3-897BC83F55E5}"
EndProject
Global
	GlobalSection(SolutionConfigurationPlatforms) = preSolution
		Debug|Any CPU = Debug|Any CPU
		Release|Any CPU = Release|Any CPU
	EndGlobalSection
	GlobalSection(ProjectConfigurationPlatforms) = postSolution
		{ACF44236-0D44-4CAD-AAC3-897BC83F55E5}.Debug|Any CPU.ActiveCfg = Debug|Any CPU
		{ACF44236-0D44-4CAD-AAC3-897BC83F55E5}.Debug|Any CPU.Build.0 = Debug|Any CPU
		{ACF44236-0D44-4CAD-AAC3-897BC83F55E5}.Release|Any CPU.ActiveCfg = Release|Any CPU
		{ACF44236-0D44-4CAD-AAC3-897BC83F55E5}.Release|Any CPU.Build.0 = Release|Any CPU
	EndGlobalSection
	GlobalSection(SolutionProperties) = preSolution
		HideSolutionNode = FALSE
	EndGlobalSection
	GlobalSection(ExtensibilityGlobals) = postSolution
		SolutionGuid = {AE06AA9C-F405-49A6-A9BF-D79138F9A2E9}
	EndGlobalSection
EndGlobal
