
Microsoft Visual Studio Solution File, Format Version 12.00
# Visual Studio Version 16
VisualStudioVersion = 16.0.30011.22
MinimumVisualStudioVersion = 10.0.40219.1
Project("{FAE04EC0-301F-11D3-BF4B-00C04F79EFBC}") = "methods and objects", "methods and objects\methods and objects.csproj", "{DD7A8C93-F5B5-4A47-A4F6-6A08BE8E4052}"
EndProject
Global
	GlobalSection(SolutionConfigurationPlatforms) = preSolution
		Debug|Any CPU = Debug|Any CPU
		Release|Any CPU = Release|Any CPU
	EndGlobalSection
	GlobalSection(ProjectConfigurationPlatforms) = postSolution
		{DD7A8C93-F5B5-4A47-A4F6-6A08BE8E4052}.Debug|Any CPU.ActiveCfg = Debug|Any CPU
		{DD7A8C93-F5B5-4A47-A4F6-6A08BE8E4052}.Debug|Any CPU.Build.0 = Debug|Any CPU
		{DD7A8C93-F5B5-4A47-A4F6-6A08BE8E4052}.Release|Any CPU.ActiveCfg = Release|Any CPU
		{DD7A8C93-F5B5-4A47-A4F6-6A08BE8E4052}.Release|Any CPU.Build.0 = Release|Any CPU
	EndGlobalSection
	GlobalSection(SolutionProperties) = preSolution
		HideSolutionNode = FALSE
	EndGlobalSection
	GlobalSection(ExtensibilityGlobals) = postSolution
		SolutionGuid = {58C65B6E-D5A0-4BF5-AB3D-4A6D9B8A5069}
	EndGlobalSection
EndGlobal
